{
    "lastUpdatedBy": "FrontEndDriver-1632321239467",
    "FrontEndDriver": {
        "startTime": 1632320829832,
        "pid": 16784
    },
    "FrontEndDriver function now() { [native code] }": {
        "startTime": 1632320893236,
        "pid": 17604
    },
    "FrontEndDriver 2021-09-22T14:29:42.581Z": {
        "startTime": 1632320982584,
        "pid": 16664
    },
    "FrontEndDriver 2021-09-22T14:30:12.611Z": {
        "startTime": 1632321012614,
        "pid": 15884
    },
    "FrontEndDriver-2021-09-22T14:30:34.435Z": {
        "startTime": 1632321034438,
        "pid": 12708
    },
    "FrontEndDriver-1632321201860": {
        "startTime": 1632321201862,
        "pid": 18136
    },
    "FrontEndDriver-1632321206771": {
        "startTime": 1632321206773,
        "pid": 19416
    },
    "FrontEndDriver-1632321239467": {
        "startTime": 1632321239470,
        "pid": 4312
    }
}